
Microsoft Visual Studio Solution File, Format Version 12.00
# Visual Studio Version 16
VisualStudioVersion = 16.0.33927.289
MinimumVisualStudioVersion = 10.0.40219.1
Project("{FAE04EC0-301F-11D3-BF4B-00C04F79EFBC}") = "HumanResources", "HumanResources\HumanResources.csproj", "{A84B2932-8958-450A-93E5-5F50413A0885}"
EndProject
Global
	GlobalSection(SolutionConfigurationPlatforms) = preSolution
		Debug|Any CPU = Debug|Any CPU
		Release|Any CPU = Release|Any CPU
	EndGlobalSection
	GlobalSection(ProjectConfigurationPlatforms) = postSolution
		{A84B2932-8958-450A-93E5-5F50413A0885}.Debug|Any CPU.ActiveCfg = Debug|Any CPU
		{A84B2932-8958-450A-93E5-5F50413A0885}.Debug|Any CPU.Build.0 = Debug|Any CPU
		{A84B2932-8958-450A-93E5-5F50413A0885}.Release|Any CPU.ActiveCfg = Release|Any CPU
		{A84B2932-8958-450A-93E5-5F50413A0885}.Release|Any CPU.Build.0 = Release|Any CPU
	EndGlobalSection
	GlobalSection(SolutionProperties) = preSolution
		HideSolutionNode = FALSE
	EndGlobalSection
	GlobalSection(ExtensibilityGlobals) = postSolution
		SolutionGuid = {A639079D-AB05-4275-B4FA-E5BB7A55DBBA}
	EndGlobalSection
EndGlobal
